
Microsoft Visual Studio Solution File, Format Version 12.00
# Visual Studio 15
VisualStudioVersion = 15.0.28307.1022
MinimumVisualStudioVersion = 10.0.40219.1
Project("{DA7A21FA-8162-4350-AD77-A8D1B671F3ED}") = "RHDFql", "RHDFql.rxproj", "{61710739-6D9B-4DB5-8B9E-226E1CD5A893}"
EndProject
Global
	GlobalSection(SolutionConfigurationPlatforms) = preSolution
		Debug|Any CPU = Debug|Any CPU
		Release|Any CPU = Release|Any CPU
	EndGlobalSection
	GlobalSection(ProjectConfigurationPlatforms) = postSolution
		{61710739-6D9B-4DB5-8B9E-226E1CD5A893}.Debug|Any CPU.ActiveCfg = Debug|Any CPU
		{61710739-6D9B-4DB5-8B9E-226E1CD5A893}.Debug|Any CPU.Build.0 = Debug|Any CPU
		{61710739-6D9B-4DB5-8B9E-226E1CD5A893}.Release|Any CPU.ActiveCfg = Release|Any CPU
		{61710739-6D9B-4DB5-8B9E-226E1CD5A893}.Release|Any CPU.Build.0 = Release|Any CPU
	EndGlobalSection
	GlobalSection(SolutionProperties) = preSolution
		HideSolutionNode = FALSE
	EndGlobalSection
	GlobalSection(ExtensibilityGlobals) = postSolution
		SolutionGuid = {B94CDB5B-D2AF-4BED-BB69-23947459EFD8}
	EndGlobalSection
EndGlobal
